
Microsoft Visual Studio Solution File, Format Version 12.00
# Visual Studio Version 17
VisualStudioVersion = 17.3.32922.545
MinimumVisualStudioVersion = 10.0.40219.1
Project("{FAE04EC0-301F-11D3-BF4B-00C04F79EFBC}") = "todoTask", "todoTask.csproj", "{EF777582-6C93-4038-9B60-7F56B68A8413}"
EndProject
Global
	GlobalSection(SolutionConfigurationPlatforms) = preSolution
		Debug|Any CPU = Debug|Any CPU
		Release|Any CPU = Release|Any CPU
	EndGlobalSection
	GlobalSection(ProjectConfigurationPlatforms) = postSolution
		{EF777582-6C93-4038-9B60-7F56B68A8413}.Debug|Any CPU.ActiveCfg = Debug|Any CPU
		{EF777582-6C93-4038-9B60-7F56B68A8413}.Debug|Any CPU.Build.0 = Debug|Any CPU
		{EF777582-6C93-4038-9B60-7F56B68A8413}.Release|Any CPU.ActiveCfg = Release|Any CPU
		{EF777582-6C93-4038-9B60-7F56B68A8413}.Release|Any CPU.Build.0 = Release|Any CPU
	EndGlobalSection
	GlobalSection(SolutionProperties) = preSolution
		HideSolutionNode = FALSE
	EndGlobalSection
	GlobalSection(ExtensibilityGlobals) = postSolution
		SolutionGuid = {62332FF0-1F45-42FA-918D-5C88321F7831}
	EndGlobalSection
EndGlobal
